
Microsoft Visual Studio Solution File, Format Version 12.00
# Visual Studio Version 17
VisualStudioVersion = 17.3.32825.248
MinimumVisualStudioVersion = 10.0.40219.1
Project("{FAE04EC0-301F-11D3-BF4B-00C04F79EFBC}") = "Scope2", "Scope2\Scope2.csproj", "{3697735E-C818-403B-91C9-47EE04BC5CEE}"
EndProject
Global
	GlobalSection(SolutionConfigurationPlatforms) = preSolution
		Debug|Any CPU = Debug|Any CPU
		Release|Any CPU = Release|Any CPU
	EndGlobalSection
	GlobalSection(ProjectConfigurationPlatforms) = postSolution
		{3697735E-C818-403B-91C9-47EE04BC5CEE}.Debug|Any CPU.ActiveCfg = Debug|Any CPU
		{3697735E-C818-403B-91C9-47EE04BC5CEE}.Debug|Any CPU.Build.0 = Debug|Any CPU
		{3697735E-C818-403B-91C9-47EE04BC5CEE}.Release|Any CPU.ActiveCfg = Release|Any CPU
		{3697735E-C818-403B-91C9-47EE04BC5CEE}.Release|Any CPU.Build.0 = Release|Any CPU
	EndGlobalSection
	GlobalSection(SolutionProperties) = preSolution
		HideSolutionNode = FALSE
	EndGlobalSection
	GlobalSection(ExtensibilityGlobals) = postSolution
		SolutionGuid = {08272175-BB64-447F-9256-98B4BA5306A9}
	EndGlobalSection
EndGlobal
